
Microsoft Visual Studio Solution File, Format Version 12.00
# Visual Studio Version 17
VisualStudioVersion = 17.13.35913.81 d17.13
MinimumVisualStudioVersion = 10.0.40219.1
Project("{FAE04EC0-301F-11D3-BF4B-00C04F79EFBC}") = "AtlasRPG.Web", "AtlasRPG.Web\AtlasRPG.Web.csproj", "{F5A442B8-08AA-4B95-88D6-E492C5C5ABFD}"
EndProject
Project("{FAE04EC0-301F-11D3-BF4B-00C04F79EFBC}") = "AtlasRPG.Core", "AtlasRPG.Core\AtlasRPG.Core.csproj", "{B36F6BF9-7E20-44EA-8908-90E704403006}"
EndProject
Project("{FAE04EC0-301F-11D3-BF4B-00C04F79EFBC}") = "AtlasRPG.Application", "AtlasRPG.Application\AtlasRPG.Application.csproj", "{FF464862-CFAD-4EB0-8391-523C5C9AA1A8}"
EndProject
Project("{FAE04EC0-301F-11D3-BF4B-00C04F79EFBC}") = "AtlasRPG.Infrastructure", "AtlasRPG.Infrastructure\AtlasRPG.Infrastructure.csproj", "{4D936BC7-F621-4296-AAFD-FEFBC5F9C6D7}"
EndProject
Project("{FAE04EC0-301F-11D3-BF4B-00C04F79EFBC}") = "AtlasRPG.Tests", "AtlasRPG.Tests\AtlasRPG.Tests.csproj", "{98A71DCC-9809-4F2E-BD3E-D5261D8E8BDD}"
EndProject
Global
	GlobalSection(SolutionConfigurationPlatforms) = preSolution
		Debug|Any CPU = Debug|Any CPU
		Release|Any CPU = Release|Any CPU
	EndGlobalSection
	GlobalSection(ProjectConfigurationPlatforms) = postSolution
		{F5A442B8-08AA-4B95-88D6-E492C5C5ABFD}.Debug|Any CPU.ActiveCfg = Debug|Any CPU
		{F5A442B8-08AA-4B95-88D6-E492C5C5ABFD}.Debug|Any CPU.Build.0 = Debug|Any CPU
		{F5A442B8-08AA-4B95-88D6-E492C5C5ABFD}.Release|Any CPU.ActiveCfg = Release|Any CPU
		{F5A442B8-08AA-4B95-88D6-E492C5C5ABFD}.Release|Any CPU.Build.0 = Release|Any CPU
		{B36F6BF9-7E20-44EA-8908-90E704403006}.Debug|Any CPU.ActiveCfg = Debug|Any CPU
		{B36F6BF9-7E20-44EA-8908-90E704403006}.Debug|Any CPU.Build.0 = Debug|Any CPU
		{B36F6BF9-7E20-44EA-8908-90E704403006}.Release|Any CPU.ActiveCfg = Release|Any CPU
		{B36F6BF9-7E20-44EA-8908-90E704403006}.Release|Any CPU.Build.0 = Release|Any CPU
		{FF464862-CFAD-4EB0-8391-523C5C9AA1A8}.Debug|Any CPU.ActiveCfg = Debug|Any CPU
		{FF464862-CFAD-4EB0-8391-523C5C9AA1A8}.Debug|Any CPU.Build.0 = Debug|Any CPU
		{FF464862-CFAD-4EB0-8391-523C5C9AA1A8}.Release|Any CPU.ActiveCfg = Release|Any CPU
		{FF464862-CFAD-4EB0-8391-523C5C9AA1A8}.Release|Any CPU.Build.0 = Release|Any CPU
		{4D936BC7-F621-4296-AAFD-FEFBC5F9C6D7}.Debug|Any CPU.ActiveCfg = Debug|Any CPU
		{4D936BC7-F621-4296-AAFD-FEFBC5F9C6D7}.Debug|Any CPU.Build.0 = Debug|Any CPU
		{4D936BC7-F621-4296-AAFD-FEFBC5F9C6D7}.Release|Any CPU.ActiveCfg = Release|Any CPU
		{4D936BC7-F621-4296-AAFD-FEFBC5F9C6D7}.Release|Any CPU.Build.0 = Release|Any CPU
		{98A71DCC-9809-4F2E-BD3E-D5261D8E8BDD}.Debug|Any CPU.ActiveCfg = Debug|Any CPU
		{98A71DCC-9809-4F2E-BD3E-D5261D8E8BDD}.Debug|Any CPU.Build.0 = Debug|Any CPU
		{98A71DCC-9809-4F2E-BD3E-D5261D8E8BDD}.Release|Any CPU.ActiveCfg = Release|Any CPU
		{98A71DCC-9809-4F2E-BD3E-D5261D8E8BDD}.Release|Any CPU.Build.0 = Release|Any CPU
	EndGlobalSection
	GlobalSection(SolutionProperties) = preSolution
		HideSolutionNode = FALSE
	EndGlobalSection
	GlobalSection(ExtensibilityGlobals) = postSolution
		SolutionGuid = {CA2B46B7-619C-4488-A8E7-FE5AEFA888AF}
	EndGlobalSection
EndGlobal
